
Microsoft Visual Studio Solution File, Format Version 12.00
# Visual Studio 15
VisualStudioVersion = 15.0.27703.2000
MinimumVisualStudioVersion = 10.0.40219.1
Project("{FAE04EC0-301F-11D3-BF4B-00C04F79EFBC}") = "Item Spy", "Item Spy\Item Spy.csproj", "{7531B5AC-D493-497B-8CD9-C8DB5EC23B67}"
EndProject
Global
	GlobalSection(SolutionConfigurationPlatforms) = preSolution
		Debug|Any CPU = Debug|Any CPU
		Release|Any CPU = Release|Any CPU
	EndGlobalSection
	GlobalSection(ProjectConfigurationPlatforms) = postSolution
		{7531B5AC-D493-497B-8CD9-C8DB5EC23B67}.Debug|Any CPU.ActiveCfg = Debug|Any CPU
		{7531B5AC-D493-497B-8CD9-C8DB5EC23B67}.Debug|Any CPU.Build.0 = Debug|Any CPU
		{7531B5AC-D493-497B-8CD9-C8DB5EC23B67}.Release|Any CPU.ActiveCfg = Release|Any CPU
		{7531B5AC-D493-497B-8CD9-C8DB5EC23B67}.Release|Any CPU.Build.0 = Release|Any CPU
	EndGlobalSection
	GlobalSection(SolutionProperties) = preSolution
		HideSolutionNode = FALSE
	EndGlobalSection
	GlobalSection(ExtensibilityGlobals) = postSolution
		SolutionGuid = {F7691320-53C5-4BEB-B3D0-F169D76C1E2B}
	EndGlobalSection
EndGlobal
